
Microsoft Visual Studio Solution File, Format Version 12.00
# Visual Studio Version 17
VisualStudioVersion = 17.11.35327.3
MinimumVisualStudioVersion = 10.0.40219.1
Project("{FAE04EC0-301F-11D3-BF4B-00C04F79EFBC}") = "asinxronniy_programmirovaniya", "asinxronniy_programmirovaniya.csproj", "{86F98C02-F538-49FB-A8B9-03BE10C03CD3}"
EndProject
Global
	GlobalSection(SolutionConfigurationPlatforms) = preSolution
		Debug|Any CPU = Debug|Any CPU
		Release|Any CPU = Release|Any CPU
	EndGlobalSection
	GlobalSection(ProjectConfigurationPlatforms) = postSolution
		{86F98C02-F538-49FB-A8B9-03BE10C03CD3}.Debug|Any CPU.ActiveCfg = Debug|Any CPU
		{86F98C02-F538-49FB-A8B9-03BE10C03CD3}.Debug|Any CPU.Build.0 = Debug|Any CPU
		{86F98C02-F538-49FB-A8B9-03BE10C03CD3}.Release|Any CPU.ActiveCfg = Release|Any CPU
		{86F98C02-F538-49FB-A8B9-03BE10C03CD3}.Release|Any CPU.Build.0 = Release|Any CPU
	EndGlobalSection
	GlobalSection(SolutionProperties) = preSolution
		HideSolutionNode = FALSE
	EndGlobalSection
	GlobalSection(ExtensibilityGlobals) = postSolution
		SolutionGuid = {7D160D77-745B-47E8-855C-9FF73CACAD69}
	EndGlobalSection
EndGlobal
